
Microsoft Visual Studio Solution File, Format Version 12.00
# Visual Studio 15
VisualStudioVersion = 15.0.28307.168
MinimumVisualStudioVersion = 10.0.40219.1
Project("{888888A0-9F3D-457C-B088-3A5042F75D52}") = "BasicProject", "BasicProject\BasicProject.pyproj", "{FE702624-B0E3-4DB6-A82B-B6374D7F469B}"
EndProject
Global
	GlobalSection(SolutionConfigurationPlatforms) = preSolution
		Debug|Any CPU = Debug|Any CPU
		Release|Any CPU = Release|Any CPU
	EndGlobalSection
	GlobalSection(ProjectConfigurationPlatforms) = postSolution
		{FE702624-B0E3-4DB6-A82B-B6374D7F469B}.Debug|Any CPU.ActiveCfg = Debug|Any CPU
		{FE702624-B0E3-4DB6-A82B-B6374D7F469B}.Debug|Any CPU.Build.0 = Debug|Any CPU
		{FE702624-B0E3-4DB6-A82B-B6374D7F469B}.Release|Any CPU.ActiveCfg = Release|Any CPU
		{FE702624-B0E3-4DB6-A82B-B6374D7F469B}.Release|Any CPU.Build.0 = Release|Any CPU
	EndGlobalSection
	GlobalSection(SolutionProperties) = preSolution
		HideSolutionNode = FALSE
	EndGlobalSection
	GlobalSection(ExtensibilityGlobals) = postSolution
		SolutionGuid = {31DABA07-48B2-4C8F-B3C8-720C72EDF82C}
	EndGlobalSection
EndGlobal
